
Microsoft Visual Studio Solution File, Format Version 12.00
# Visual Studio 15
VisualStudioVersion = 15.0.27703.2026
MinimumVisualStudioVersion = 10.0.40219.1
Project("{FAE04EC0-301F-11D3-BF4B-00C04F79EFBC}") = "Задача1", "Задача 1\Задача1.csproj", "{5B488527-4C55-45C8-AF29-603FB943F12F}"
EndProject
Project("{FAE04EC0-301F-11D3-BF4B-00C04F79EFBC}") = "Задача 2", "Задача2\Задача 2.csproj", "{04820B98-CFAB-46DE-9F97-EDDC61DCCA8E}"
EndProject
Project("{FAE04EC0-301F-11D3-BF4B-00C04F79EFBC}") = "Задача 368", "Задача 4\Задача 368.csproj", "{C05491D8-EA24-4692-9118-FD521A421522}"
EndProject
Project("{FAE04EC0-301F-11D3-BF4B-00C04F79EFBC}") = "Задача 5", "Задача5\Задача 5.csproj", "{0D04BD97-120C-44CB-8D2D-76507C68BCEF}"
EndProject
Project("{FAE04EC0-301F-11D3-BF4B-00C04F79EFBC}") = "Задача 6", "Задача 6\Задача 6.csproj", "{8919CC02-E2E7-415A-855A-7FB887F4B338}"
EndProject
Global
	GlobalSection(SolutionConfigurationPlatforms) = preSolution
		Debug|Any CPU = Debug|Any CPU
		Release|Any CPU = Release|Any CPU
	EndGlobalSection
	GlobalSection(ProjectConfigurationPlatforms) = postSolution
		{5B488527-4C55-45C8-AF29-603FB943F12F}.Debug|Any CPU.ActiveCfg = Debug|Any CPU
		{5B488527-4C55-45C8-AF29-603FB943F12F}.Debug|Any CPU.Build.0 = Debug|Any CPU
		{5B488527-4C55-45C8-AF29-603FB943F12F}.Release|Any CPU.ActiveCfg = Release|Any CPU
		{5B488527-4C55-45C8-AF29-603FB943F12F}.Release|Any CPU.Build.0 = Release|Any CPU
		{04820B98-CFAB-46DE-9F97-EDDC61DCCA8E}.Debug|Any CPU.ActiveCfg = Debug|Any CPU
		{04820B98-CFAB-46DE-9F97-EDDC61DCCA8E}.Debug|Any CPU.Build.0 = Debug|Any CPU
		{04820B98-CFAB-46DE-9F97-EDDC61DCCA8E}.Release|Any CPU.ActiveCfg = Release|Any CPU
		{04820B98-CFAB-46DE-9F97-EDDC61DCCA8E}.Release|Any CPU.Build.0 = Release|Any CPU
		{C05491D8-EA24-4692-9118-FD521A421522}.Debug|Any CPU.ActiveCfg = Debug|Any CPU
		{C05491D8-EA24-4692-9118-FD521A421522}.Debug|Any CPU.Build.0 = Debug|Any CPU
		{C05491D8-EA24-4692-9118-FD521A421522}.Release|Any CPU.ActiveCfg = Release|Any CPU
		{C05491D8-EA24-4692-9118-FD521A421522}.Release|Any CPU.Build.0 = Release|Any CPU
		{0D04BD97-120C-44CB-8D2D-76507C68BCEF}.Debug|Any CPU.ActiveCfg = Debug|Any CPU
		{0D04BD97-120C-44CB-8D2D-76507C68BCEF}.Debug|Any CPU.Build.0 = Debug|Any CPU
		{0D04BD97-120C-44CB-8D2D-76507C68BCEF}.Release|Any CPU.ActiveCfg = Release|Any CPU
		{0D04BD97-120C-44CB-8D2D-76507C68BCEF}.Release|Any CPU.Build.0 = Release|Any CPU
		{8919CC02-E2E7-415A-855A-7FB887F4B338}.Debug|Any CPU.ActiveCfg = Debug|Any CPU
		{8919CC02-E2E7-415A-855A-7FB887F4B338}.Debug|Any CPU.Build.0 = Debug|Any CPU
		{8919CC02-E2E7-415A-855A-7FB887F4B338}.Release|Any CPU.ActiveCfg = Release|Any CPU
		{8919CC02-E2E7-415A-855A-7FB887F4B338}.Release|Any CPU.Build.0 = Release|Any CPU
	EndGlobalSection
	GlobalSection(SolutionProperties) = preSolution
		HideSolutionNode = FALSE
	EndGlobalSection
	GlobalSection(ExtensibilityGlobals) = postSolution
		SolutionGuid = {14871616-3208-4BF9-918D-2BD62BA554FA}
	EndGlobalSection
EndGlobal
